
Microsoft Visual Studio Solution File, Format Version 12.00
# Visual Studio 15
VisualStudioVersion = 15.0.28307.1145
MinimumVisualStudioVersion = 10.0.40219.1
Project("{FAE04EC0-301F-11D3-BF4B-00C04F79EFBC}") = "BookStore", "BookStore\BookStore.csproj", "{D2D2900C-3F2C-4698-88D2-8E7FDE7DB11C}"
EndProject
Global
	GlobalSection(SolutionConfigurationPlatforms) = preSolution
		Debug|Any CPU = Debug|Any CPU
		Release|Any CPU = Release|Any CPU
	EndGlobalSection
	GlobalSection(ProjectConfigurationPlatforms) = postSolution
		{D2D2900C-3F2C-4698-88D2-8E7FDE7DB11C}.Debug|Any CPU.ActiveCfg = Debug|Any CPU
		{D2D2900C-3F2C-4698-88D2-8E7FDE7DB11C}.Debug|Any CPU.Build.0 = Debug|Any CPU
		{D2D2900C-3F2C-4698-88D2-8E7FDE7DB11C}.Release|Any CPU.ActiveCfg = Release|Any CPU
		{D2D2900C-3F2C-4698-88D2-8E7FDE7DB11C}.Release|Any CPU.Build.0 = Release|Any CPU
	EndGlobalSection
	GlobalSection(SolutionProperties) = preSolution
		HideSolutionNode = FALSE
	EndGlobalSection
	GlobalSection(ExtensibilityGlobals) = postSolution
		SolutionGuid = {78B96272-0C39-4103-AC37-C277EF0B092E}
	EndGlobalSection
EndGlobal
